
Microsoft Visual Studio Solution File, Format Version 12.00
# Visual Studio Version 16
VisualStudioVersion = 16.0.29613.14
MinimumVisualStudioVersion = 10.0.40219.1
Project("{8BC9CEB8-8B4A-11D0-8D11-00A0C91BC942}") = "4.1", "4\4.vcxproj", "{C6B3E802-ECDD-4E7A-A604-A186C8DFB183}"
EndProject
Project("{8BC9CEB8-8B4A-11D0-8D11-00A0C91BC942}") = "2", "2\2.vcxproj", "{5B67FD53-4DA3-49C9-B164-0CBFFE112F98}"
EndProject
Project("{8BC9CEB8-8B4A-11D0-8D11-00A0C91BC942}") = "3", "3\3.vcxproj", "{E0CA30F5-EDE2-471B-B67F-AE4329E075F4}"
EndProject
Project("{8BC9CEB8-8B4A-11D0-8D11-00A0C91BC942}") = "4.4", "4.4\4.4.vcxproj", "{CD506A3B-EE40-427D-9E0D-BDE25F8ACCE9}"
EndProject
Project("{8BC9CEB8-8B4A-11D0-8D11-00A0C91BC942}") = "5", "5\5.vcxproj", "{0415639E-94D9-4681-881F-B4BAAD7106BB}"
EndProject
Project("{8BC9CEB8-8B4A-11D0-8D11-00A0C91BC942}") = "6", "6\6.vcxproj", "{D20C041F-A827-4557-82B1-C20377947B27}"
EndProject
Project("{8BC9CEB8-8B4A-11D0-8D11-00A0C91BC942}") = "7", "7\7.vcxproj", "{3AE31310-9C07-4880-8CCB-8A698095255F}"
EndProject
Project("{8BC9CEB8-8B4A-11D0-8D11-00A0C91BC942}") = "8", "8\8.vcxproj", "{535931BD-6D19-4AD0-AE01-2AC43C84C66E}"
EndProject
Project("{8BC9CEB8-8B4A-11D0-8D11-00A0C91BC942}") = "10", "10\10.vcxproj", "{1D2ECADD-EB3F-4AB4-8A9C-42E0563B8152}"
EndProject
Project("{8BC9CEB8-8B4A-11D0-8D11-00A0C91BC942}") = "9", "9\9.vcxproj", "{B0674799-F661-43D0-8DBD-50A1B69861AA}"
EndProject
Global
	GlobalSection(SolutionConfigurationPlatforms) = preSolution
		Debug|x64 = Debug|x64
		Debug|x86 = Debug|x86
		Release|x64 = Release|x64
		Release|x86 = Release|x86
	EndGlobalSection
	GlobalSection(ProjectConfigurationPlatforms) = postSolution
		{C6B3E802-ECDD-4E7A-A604-A186C8DFB183}.Debug|x64.ActiveCfg = Debug|x64
		{C6B3E802-ECDD-4E7A-A604-A186C8DFB183}.Debug|x64.Build.0 = Debug|x64
		{C6B3E802-ECDD-4E7A-A604-A186C8DFB183}.Debug|x86.ActiveCfg = Debug|Win32
		{C6B3E802-ECDD-4E7A-A604-A186C8DFB183}.Debug|x86.Build.0 = Debug|Win32
		{C6B3E802-ECDD-4E7A-A604-A186C8DFB183}.Release|x64.ActiveCfg = Release|x64
		{C6B3E802-ECDD-4E7A-A604-A186C8DFB183}.Release|x64.Build.0 = Release|x64
		{C6B3E802-ECDD-4E7A-A604-A186C8DFB183}.Release|x86.ActiveCfg = Release|Win32
		{C6B3E802-ECDD-4E7A-A604-A186C8DFB183}.Release|x86.Build.0 = Release|Win32
		{5B67FD53-4DA3-49C9-B164-0CBFFE112F98}.Debug|x64.ActiveCfg = Debug|x64
		{5B67FD53-4DA3-49C9-B164-0CBFFE112F98}.Debug|x64.Build.0 = Debug|x64
		{5B67FD53-4DA3-49C9-B164-0CBFFE112F98}.Debug|x86.ActiveCfg = Debug|Win32
		{5B67FD53-4DA3-49C9-B164-0CBFFE112F98}.Debug|x86.Build.0 = Debug|Win32
		{5B67FD53-4DA3-49C9-B164-0CBFFE112F98}.Release|x64.ActiveCfg = Release|x64
		{5B67FD53-4DA3-49C9-B164-0CBFFE112F98}.Release|x64.Build.0 = Release|x64
		{5B67FD53-4DA3-49C9-B164-0CBFFE112F98}.Release|x86.ActiveCfg = Release|Win32
		{5B67FD53-4DA3-49C9-B164-0CBFFE112F98}.Release|x86.Build.0 = Release|Win32
		{E0CA30F5-EDE2-471B-B67F-AE4329E075F4}.Debug|x64.ActiveCfg = Debug|x64
		{E0CA30F5-EDE2-471B-B67F-AE4329E075F4}.Debug|x64.Build.0 = Debug|x64
		{E0CA30F5-EDE2-471B-B67F-AE4329E075F4}.Debug|x86.ActiveCfg = Debug|Win32
		{E0CA30F5-EDE2-471B-B67F-AE4329E075F4}.Debug|x86.Build.0 = Debug|Win32
		{E0CA30F5-EDE2-471B-B67F-AE4329E075F4}.Release|x64.ActiveCfg = Release|x64
		{E0CA30F5-EDE2-471B-B67F-AE4329E075F4}.Release|x64.Build.0 = Release|x64
		{E0CA30F5-EDE2-471B-B67F-AE4329E075F4}.Release|x86.ActiveCfg = Release|Win32
		{E0CA30F5-EDE2-471B-B67F-AE4329E075F4}.Release|x86.Build.0 = Release|Win32
		{CD506A3B-EE40-427D-9E0D-BDE25F8ACCE9}.Debug|x64.ActiveCfg = Debug|x64
		{CD506A3B-EE40-427D-9E0D-BDE25F8ACCE9}.Debug|x64.Build.0 = Debug|x64
		{CD506A3B-EE40-427D-9E0D-BDE25F8ACCE9}.Debug|x86.ActiveCfg = Debug|Win32
		{CD506A3B-EE40-427D-9E0D-BDE25F8ACCE9}.Debug|x86.Build.0 = Debug|Win32
		{CD506A3B-EE40-427D-9E0D-BDE25F8ACCE9}.Release|x64.ActiveCfg = Release|x64
		{CD506A3B-EE40-427D-9E0D-BDE25F8ACCE9}.Release|x64.Build.0 = Release|x64
		{CD506A3B-EE40-427D-9E0D-BDE25F8ACCE9}.Release|x86.ActiveCfg = Release|Win32
		{CD506A3B-EE40-427D-9E0D-BDE25F8ACCE9}.Release|x86.Build.0 = Release|Win32
		{0415639E-94D9-4681-881F-B4BAAD7106BB}.Debug|x64.ActiveCfg = Debug|x64
		{0415639E-94D9-4681-881F-B4BAAD7106BB}.Debug|x64.Build.0 = Debug|x64
		{0415639E-94D9-4681-881F-B4BAAD7106BB}.Debug|x86.ActiveCfg = Debug|Win32
		{0415639E-94D9-4681-881F-B4BAAD7106BB}.Debug|x86.Build.0 = Debug|Win32
		{0415639E-94D9-4681-881F-B4BAAD7106BB}.Release|x64.ActiveCfg = Release|x64
		{0415639E-94D9-4681-881F-B4BAAD7106BB}.Release|x64.Build.0 = Release|x64
		{0415639E-94D9-4681-881F-B4BAAD7106BB}.Release|x86.ActiveCfg = Release|Win32
		{0415639E-94D9-4681-881F-B4BAAD7106BB}.Release|x86.Build.0 = Release|Win32
		{D20C041F-A827-4557-82B1-C20377947B27}.Debug|x64.ActiveCfg = Debug|x64
		{D20C041F-A827-4557-82B1-C20377947B27}.Debug|x64.Build.0 = Debug|x64
		{D20C041F-A827-4557-82B1-C20377947B27}.Debug|x86.ActiveCfg = Debug|Win32
		{D20C041F-A827-4557-82B1-C20377947B27}.Debug|x86.Build.0 = Debug|Win32
		{D20C041F-A827-4557-82B1-C20377947B27}.Release|x64.ActiveCfg = Release|x64
		{D20C041F-A827-4557-82B1-C20377947B27}.Release|x64.Build.0 = Release|x64
		{D20C041F-A827-4557-82B1-C20377947B27}.Release|x86.ActiveCfg = Release|Win32
		{D20C041F-A827-4557-82B1-C20377947B27}.Release|x86.Build.0 = Release|Win32
		{3AE31310-9C07-4880-8CCB-8A698095255F}.Debug|x64.ActiveCfg = Debug|x64
		{3AE31310-9C07-4880-8CCB-8A698095255F}.Debug|x64.Build.0 = Debug|x64
		{3AE31310-9C07-4880-8CCB-8A698095255F}.Debug|x86.ActiveCfg = Debug|Win32
		{3AE31310-9C07-4880-8CCB-8A698095255F}.Debug|x86.Build.0 = Debug|Win32
		{3AE31310-9C07-4880-8CCB-8A698095255F}.Release|x64.ActiveCfg = Release|x64
		{3AE31310-9C07-4880-8CCB-8A698095255F}.Release|x64.Build.0 = Release|x64
		{3AE31310-9C07-4880-8CCB-8A698095255F}.Release|x86.ActiveCfg = Release|Win32
		{3AE31310-9C07-4880-8CCB-8A698095255F}.Release|x86.Build.0 = Release|Win32
		{535931BD-6D19-4AD0-AE01-2AC43C84C66E}.Debug|x64.ActiveCfg = Debug|x64
		{535931BD-6D19-4AD0-AE01-2AC43C84C66E}.Debug|x64.Build.0 = Debug|x64
		{535931BD-6D19-4AD0-AE01-2AC43C84C66E}.Debug|x86.ActiveCfg = Debug|Win32
		{535931BD-6D19-4AD0-AE01-2AC43C84C66E}.Debug|x86.Build.0 = Debug|Win32
		{535931BD-6D19-4AD0-AE01-2AC43C84C66E}.Release|x64.ActiveCfg = Release|x64
		{535931BD-6D19-4AD0-AE01-2AC43C84C66E}.Release|x64.Build.0 = Release|x64
		{535931BD-6D19-4AD0-AE01-2AC43C84C66E}.Release|x86.ActiveCfg = Release|Win32
		{535931BD-6D19-4AD0-AE01-2AC43C84C66E}.Release|x86.Build.0 = Release|Win32
		{1D2ECADD-EB3F-4AB4-8A9C-42E0563B8152}.Debug|x64.ActiveCfg = Debug|x64
		{1D2ECADD-EB3F-4AB4-8A9C-42E0563B8152}.Debug|x64.Build.0 = Debug|x64
		{1D2ECADD-EB3F-4AB4-8A9C-42E0563B8152}.Debug|x86.ActiveCfg = Debug|Win32
		{1D2ECADD-EB3F-4AB4-8A9C-42E0563B8152}.Debug|x86.Build.0 = Debug|Win32
		{1D2ECADD-EB3F-4AB4-8A9C-42E0563B8152}.Release|x64.ActiveCfg = Release|x64
		{1D2ECADD-EB3F-4AB4-8A9C-42E0563B8152}.Release|x64.Build.0 = Release|x64
		{1D2ECADD-EB3F-4AB4-8A9C-42E0563B8152}.Release|x86.ActiveCfg = Release|Win32
		{1D2ECADD-EB3F-4AB4-8A9C-42E0563B8152}.Release|x86.Build.0 = Release|Win32
		{B0674799-F661-43D0-8DBD-50A1B69861AA}.Debug|x64.ActiveCfg = Debug|x64
		{B0674799-F661-43D0-8DBD-50A1B69861AA}.Debug|x64.Build.0 = Debug|x64
		{B0674799-F661-43D0-8DBD-50A1B69861AA}.Debug|x86.ActiveCfg = Debug|Win32
		{B0674799-F661-43D0-8DBD-50A1B69861AA}.Debug|x86.Build.0 = Debug|Win32
		{B0674799-F661-43D0-8DBD-50A1B69861AA}.Release|x64.ActiveCfg = Release|x64
		{B0674799-F661-43D0-8DBD-50A1B69861AA}.Release|x64.Build.0 = Release|x64
		{B0674799-F661-43D0-8DBD-50A1B69861AA}.Release|x86.ActiveCfg = Release|Win32
		{B0674799-F661-43D0-8DBD-50A1B69861AA}.Release|x86.Build.0 = Release|Win32
	EndGlobalSection
	GlobalSection(SolutionProperties) = preSolution
		HideSolutionNode = FALSE
	EndGlobalSection
	GlobalSection(ExtensibilityGlobals) = postSolution
		SolutionGuid = {8026DCB9-966C-473B-9CEF-9A988A7B092F}
	EndGlobalSection
EndGlobal
